
Microsoft Visual Studio Solution File, Format Version 12.00
# Visual Studio Version 17
VisualStudioVersion = 17.14.36511.14
MinimumVisualStudioVersion = 10.0.40219.1
Project("{FAE04EC0-301F-11D3-BF4B-00C04F79EFBC}") = "Laboras", "Laboras\Laboras.csproj", "{5F2E0196-3108-4DBB-9486-44800C6C2084}"
EndProject
Project("{FAE04EC0-301F-11D3-BF4B-00C04F79EFBC}") = "Laboras_3", "Laboras_3\Laboras_3.csproj", "{5A916F44-2D36-47D4-83CD-FF9DBD4BD0C5}"
EndProject
Project("{FAE04EC0-301F-11D3-BF4B-00C04F79EFBC}") = "Laboras4", "Laboras4\Laboras4.csproj", "{0A618D51-1B03-4C21-B0E4-4B4AC97782E7}"
EndProject
Project("{FAE04EC0-301F-11D3-BF4B-00C04F79EFBC}") = "Laboras_5", "Laboras_5\Laboras_5.csproj", "{116C003D-BE88-462B-BB20-6424A4750D9E}"
EndProject
Global
	GlobalSection(SolutionConfigurationPlatforms) = preSolution
		Debug|Any CPU = Debug|Any CPU
		Release|Any CPU = Release|Any CPU
	EndGlobalSection
	GlobalSection(ProjectConfigurationPlatforms) = postSolution
		{5F2E0196-3108-4DBB-9486-44800C6C2084}.Debug|Any CPU.ActiveCfg = Debug|Any CPU
		{5F2E0196-3108-4DBB-9486-44800C6C2084}.Debug|Any CPU.Build.0 = Debug|Any CPU
		{5F2E0196-3108-4DBB-9486-44800C6C2084}.Release|Any CPU.ActiveCfg = Release|Any CPU
		{5F2E0196-3108-4DBB-9486-44800C6C2084}.Release|Any CPU.Build.0 = Release|Any CPU
		{5A916F44-2D36-47D4-83CD-FF9DBD4BD0C5}.Debug|Any CPU.ActiveCfg = Debug|Any CPU
		{5A916F44-2D36-47D4-83CD-FF9DBD4BD0C5}.Debug|Any CPU.Build.0 = Debug|Any CPU
		{5A916F44-2D36-47D4-83CD-FF9DBD4BD0C5}.Release|Any CPU.ActiveCfg = Release|Any CPU
		{5A916F44-2D36-47D4-83CD-FF9DBD4BD0C5}.Release|Any CPU.Build.0 = Release|Any CPU
		{0A618D51-1B03-4C21-B0E4-4B4AC97782E7}.Debug|Any CPU.ActiveCfg = Debug|Any CPU
		{0A618D51-1B03-4C21-B0E4-4B4AC97782E7}.Debug|Any CPU.Build.0 = Debug|Any CPU
		{0A618D51-1B03-4C21-B0E4-4B4AC97782E7}.Release|Any CPU.ActiveCfg = Release|Any CPU
		{0A618D51-1B03-4C21-B0E4-4B4AC97782E7}.Release|Any CPU.Build.0 = Release|Any CPU
		{116C003D-BE88-462B-BB20-6424A4750D9E}.Debug|Any CPU.ActiveCfg = Debug|Any CPU
		{116C003D-BE88-462B-BB20-6424A4750D9E}.Debug|Any CPU.Build.0 = Debug|Any CPU
		{116C003D-BE88-462B-BB20-6424A4750D9E}.Release|Any CPU.ActiveCfg = Release|Any CPU
		{116C003D-BE88-462B-BB20-6424A4750D9E}.Release|Any CPU.Build.0 = Release|Any CPU
	EndGlobalSection
	GlobalSection(SolutionProperties) = preSolution
		HideSolutionNode = FALSE
	EndGlobalSection
	GlobalSection(ExtensibilityGlobals) = postSolution
		SolutionGuid = {F3FB02FD-0827-4668-ABC6-491568890052}
	EndGlobalSection
EndGlobal
